github.com/client9/reopen v1.0.0 h1:8tpLVR74DLpLObrn2KvsyxJY++2iORGR17WLUdSzUws=
github.com/client9/reopen v1.0.0/go.mod h1:caXVCEr+lUtoN1FlsRiOWdfQtdRHIYfcb0ai8qKWtkQ=
github.com/davecgh/go-spew v1.1.1/go.mod h1:J7Y8YcW2NihsgmVo/mv3lAwl/skON4iLHjSsI+c5H38=
github.com/droundy/goopt v0.0.0-20170604162106-0b8effe182da h1:79H+mNJWOObWrQgbkSvvZ3t/D2lKWaTi9mu/v7fNRvg=
github.com/droundy/goopt v0.0.0-20170604162106-0b8effe182da/go.mod h1:ytRJ64WkuW4kf6/tuYqBATBCRFUP8X9+LDtgcvE+koI=
github.com/julienschmidt/httprouter v1.3.0 h1:U0609e9tgbseu3rBINet9P48AI/D3oJs4dN7jwJOQ1U=
github.com/julienschmidt/httprouter v1.3.0/go.mod h1:JR6WtHb+2LUe8TCKY3cZOxFyyO8IZAc4RVcycCCAKdM=
github.com/lib/pq v1.8.0 h1:9xohqzkUwzR4Ga4ivdTcawVS89YSDVxXMa3xJX3cGzg=
github.com/lib/pq v1.8.0/go.mod h1:AlVN5x4E4T544tWzH6hKfbfQvm3HdbOxrmggDNAPY9o=
github.com/mjolnir42/lhm v0.0.2 h1:lxhbQb4ZBGrFDP6RNdtbS7soOqp3pBmhn61MV6WDNW4=
github.com/mjolnir42/lhm v0.0.2/go.mod h1:wYr7C+DlFS7PhZ5Re8dzocmt5/Frdk1jhTd7QTfCmY0=
github.com/mjolnir42/lhm v0.0.3 h1:xUEhLwhVSOfBC0u70moxH9U8kc53KydTFr6gl6v+kkI=
github.com/mjolnir42/lhm v0.0.3/go.mod h1:wYr7C+DlFS7PhZ5Re8dzocmt5/Frdk1jhTd7QTfCmY0=
github.com/nahanni/go-ucl v0.0.0-20161122070711-3788fcf0dad8 h1:QhUADjKfyoddQbaXRvoTbTMj/e8Ny9/XS6HZhb5Z+Ws=
github.com/nahanni/go-ucl v0.0.0-20161122070711-3788fcf0dad8/go.mod h1:FjRoKfJF/G4qjefn8GEH5PyqhBF/dnW81y0Y9/htaFo=
github.com/pmezard/go-difflib v1.0.0/go.mod h1:iKH77koFhYxTK1pcRnkKkqfTogsbg7gZNVY4sRDYZ/4=
github.com/satori/go.uuid v1.2.0 h1:0uYX9dsZ2yD7q2RtLRtPSdGDWzjeM3TbMJP9utgA0ww=
github.com/satori/go.uuid v1.2.0/go.mod h1:dA0hQrYB0VpLJoorglMZABFdXlWrHn1NEOzdhQKdks0=
github.com/sirupsen/logrus v1.7.0 h1:ShrD1U9pZB12TX0cVy0DtePoCH97K8EtX+mg7ZARUtM=
github.com/sirupsen/logrus v1.7.0/go.mod h1:yWOB1SBYBC5VeMP7gHvWumXLIWorT60ONWic61uBYv0=
github.com/stretchr/testify v1.2.2/go.mod h1:a8OnRcib4nhh0OaRAV+Yts87kKdq0PP7pXfy6kDkUVs=
golang.org/x/sys v0.0.0-20191026070338-33540a1f6037 h1:YyJpGZS1sBuBCzLAR1VEpK193GlqGZbnPFnPV/5Rsb4=
golang.org/x/sys v0.0.0-20191026070338-33540a1f6037/go.mod h1:h1NjWce9XRLGQEsW7wpKNCjG9DtNlClVuFLEZdDNbEs=
